
Microsoft Visual Studio Solution File, Format Version 12.00
# Visual Studio Version 17
VisualStudioVersion = 17.2.32526.322
MinimumVisualStudioVersion = 10.0.40219.1
Project("{FAE04EC0-301F-11D3-BF4B-00C04F79EFBC}") = "Bulofnaia", "Bulofnaia.csproj", "{666FC26B-3C83-4CA5-BDDE-1A70724C3FAA}"
EndProject
Global
	GlobalSection(SolutionConfigurationPlatforms) = preSolution
		Debug|Any CPU = Debug|Any CPU
		Release|Any CPU = Release|Any CPU
	EndGlobalSection
	GlobalSection(ProjectConfigurationPlatforms) = postSolution
		{666FC26B-3C83-4CA5-BDDE-1A70724C3FAA}.Debug|Any CPU.ActiveCfg = Debug|Any CPU
		{666FC26B-3C83-4CA5-BDDE-1A70724C3FAA}.Debug|Any CPU.Build.0 = Debug|Any CPU
		{666FC26B-3C83-4CA5-BDDE-1A70724C3FAA}.Release|Any CPU.ActiveCfg = Release|Any CPU
		{666FC26B-3C83-4CA5-BDDE-1A70724C3FAA}.Release|Any CPU.Build.0 = Release|Any CPU
	EndGlobalSection
	GlobalSection(SolutionProperties) = preSolution
		HideSolutionNode = FALSE
	EndGlobalSection
	GlobalSection(ExtensibilityGlobals) = postSolution
		SolutionGuid = {3B2DB735-773E-4B82-939C-2F625BFAE6C3}
	EndGlobalSection
EndGlobal
